{
  "name": "CMS",
  "version": "14.0.0",
  "lockfileVersion": 2,
  "requires": true,
  "packages": {
    "": {
      "name": "CMS",
      "version": "14.0.0",
      "license": "MIT",
      "dependencies": {
        "total4": "^0.0.77"
      }
    },
    "node_modules/total4": {
      "version": "0.0.77",
      "resolved": "https://registry.npmjs.org/total4/-/total4-0.0.77.tgz",
      "integrity": "sha512-cm1cwmznhMl6bchu4eg3Afu0WLq0UGVaeWRwmfbsVzZLrvkpdmVzRj19CgS+vHjDDjL2OyyxKz3xPiFlCMcpQg==",
      "bin": {
        "total4": "bin/total4"
      }
    }
  },
  "dependencies": {
    "total4": {
      "version": "0.0.77",
      "resolved": "https://registry.npmjs.org/total4/-/total4-0.0.77.tgz",
      "integrity": "sha512-cm1cwmznhMl6bchu4eg3Afu0WLq0UGVaeWRwmfbsVzZLrvkpdmVzRj19CgS+vHjDDjL2OyyxKz3xPiFlCMcpQg=="
    }
  }
}
